
Microsoft Visual Studio Solution File, Format Version 12.00
# Visual Studio Version 16
VisualStudioVersion = 16.0.34114.132
MinimumVisualStudioVersion = 10.0.40219.1
Project("{FAE04EC0-301F-11D3-BF4B-00C04F79EFBC}") = "DesignPatternsIntro", "DesignPatternsIntro\DesignPatternsIntro.csproj", "{F617A999-58FD-4E02-B9AF-11573E3D734D}"
EndProject
Project("{FAE04EC0-301F-11D3-BF4B-00C04F79EFBC}") = "SingleResponsibilityPrinciple", "SingleResponsibilityPrinciple\SingleResponsibilityPrinciple.csproj", "{2795CAC4-B5FC-4A2A-84E9-362F8394E649}"
EndProject
Project("{FAE04EC0-301F-11D3-BF4B-00C04F79EFBC}") = "OpenClosePrinciple", "OpenClosePrinciple\OpenClosePrinciple.csproj", "{E14AB63A-EC23-4C34-83C9-1A670DC5504A}"
EndProject
Project("{FAE04EC0-301F-11D3-BF4B-00C04F79EFBC}") = "ShapeTextApp", "ShapeTextApp\ShapeTextApp.csproj", "{A2890F3C-AAA2-44DA-8B93-34EE17CAC81A}"
EndProject
Project("{FAE04EC0-301F-11D3-BF4B-00C04F79EFBC}") = "LiskovSubstitutionPrinciple", "LiskovSubstitutionPrinciple\LiskovSubstitutionPrinciple.csproj", "{DC048A78-4441-428C-83F6-B07A15F76BD3}"
EndProject
Project("{FAE04EC0-301F-11D3-BF4B-00C04F79EFBC}") = "InterfaceSegregationPrinciple", "InterfaceSegregationPrinciple\InterfaceSegregationPrinciple.csproj", "{69A6244F-6046-4E41-88CD-094C8DC77EFF}"
EndProject
Project("{FAE04EC0-301F-11D3-BF4B-00C04F79EFBC}") = "DependencyInversionPrinciple", "DependencyInversionPrinciple\DependencyInversionPrinciple.csproj", "{CAA2093F-076C-4899-A28F-59E7C212D214}"
EndProject
Project("{FAE04EC0-301F-11D3-BF4B-00C04F79EFBC}") = "Builder", "Builder\Builder.csproj", "{646442B4-FEBB-43A5-AC2E-88EF3CFEA3C3}"
EndProject
Project("{2150E333-8FDC-42A3-9474-1A3956D46DE8}") = "SOLID", "SOLID", "{1B1D1F5E-E464-4361-96DD-DEC125D26F76}"
EndProject
Project("{2150E333-8FDC-42A3-9474-1A3956D46DE8}") = "DesignPatterns", "DesignPatterns", "{C9C48DBE-C0F9-4BE9-876F-F4EA50A8EF2C}"
EndProject
Project("{FAE04EC0-301F-11D3-BF4B-00C04F79EFBC}") = "Factory", "Factory\Factory.csproj", "{85BE2D97-175F-42D9-B8EF-7A2F67CC78E4}"
EndProject
Project("{FAE04EC0-301F-11D3-BF4B-00C04F79EFBC}") = "AbstractFactory", "AbstractFactory\AbstractFactory.csproj", "{09A9CD2E-E1B2-4519-B286-A0D33023478F}"
EndProject
Project("{FAE04EC0-301F-11D3-BF4B-00C04F79EFBC}") = "Prototype", "Prototype\Prototype.csproj", "{87B0D006-2261-4FB5-B21B-14156B69839A}"
EndProject
Project("{FAE04EC0-301F-11D3-BF4B-00C04F79EFBC}") = "Singleton", "Singleton\Singleton.csproj", "{F563A9DB-C2EC-4D36-958C-8E3212D5E5AE}"
EndProject
Project("{2150E333-8FDC-42A3-9474-1A3956D46DE8}") = "Behavioral", "Behavioral", "{DFEF41B5-5279-4E96-85B3-34D2DD6E9E0A}"
EndProject
Project("{2150E333-8FDC-42A3-9474-1A3956D46DE8}") = "Creative", "Creative", "{1379E7C0-0E03-4074-AB84-35A5ADE64C49}"
EndProject
Project("{FAE04EC0-301F-11D3-BF4B-00C04F79EFBC}") = "Strategy", "Strategy\Strategy.csproj", "{870F030C-CA47-4B22-B0C3-78839B475E06}"
EndProject
Project("{FAE04EC0-301F-11D3-BF4B-00C04F79EFBC}") = "Observer", "Observer\Observer.csproj", "{79BE690E-A7AD-4826-BFF5-7310F308C43E}"
EndProject
Project("{FAE04EC0-301F-11D3-BF4B-00C04F79EFBC}") = "Mediator", "Mediator\Mediator.csproj", "{EA6B3EF2-0CC7-45EE-97C2-9B0D9B14F636}"
EndProject
Project("{FAE04EC0-301F-11D3-BF4B-00C04F79EFBC}") = "ChainOfResponsibility", "ChainOfResponsibility\ChainOfResponsibility.csproj", "{5D3CEBFE-B1BD-4041-866D-ED93EA30A50D}"
EndProject
Project("{FAE04EC0-301F-11D3-BF4B-00C04F79EFBC}") = "TemplateMethod", "TemplateMethod\TemplateMethod.csproj", "{B9927B2F-C333-41B0-BB64-D3C3FE903620}"
EndProject
Project("{FAE04EC0-301F-11D3-BF4B-00C04F79EFBC}") = "State", "State\State.csproj", "{E538968E-CC68-47FD-91A1-F6A853137220}"
EndProject
Project("{2150E333-8FDC-42A3-9474-1A3956D46DE8}") = "Structural", "Structural", "{5D545176-FA28-4885-99FE-C76CC5898F00}"
EndProject
Project("{FAE04EC0-301F-11D3-BF4B-00C04F79EFBC}") = "Adapter", "Adapter\Adapter.csproj", "{6035C8FD-492A-44E6-A8DB-AD3FBC6BDD3E}"
EndProject
Project("{FAE04EC0-301F-11D3-BF4B-00C04F79EFBC}") = "Facade", "Facade\Facade.csproj", "{0E9CF85F-C910-4B0D-B1BB-135D51C0B4B1}"
EndProject
Project("{FAE04EC0-301F-11D3-BF4B-00C04F79EFBC}") = "Decorator", "Decorator\Decorator.csproj", "{E9D1AC1A-7740-459C-8B57-DA55334F4524}"
EndProject
Project("{FAE04EC0-301F-11D3-BF4B-00C04F79EFBC}") = "Proxy", "Proxy\Proxy.csproj", "{A082420C-E6CB-4843-B518-4910F622DF90}"
EndProject
Global
	GlobalSection(SolutionConfigurationPlatforms) = preSolution
		Debug|Any CPU = Debug|Any CPU
		Release|Any CPU = Release|Any CPU
	EndGlobalSection
	GlobalSection(ProjectConfigurationPlatforms) = postSolution
		{F617A999-58FD-4E02-B9AF-11573E3D734D}.Debug|Any CPU.ActiveCfg = Debug|Any CPU
		{F617A999-58FD-4E02-B9AF-11573E3D734D}.Debug|Any CPU.Build.0 = Debug|Any CPU
		{F617A999-58FD-4E02-B9AF-11573E3D734D}.Release|Any CPU.ActiveCfg = Release|Any CPU
		{F617A999-58FD-4E02-B9AF-11573E3D734D}.Release|Any CPU.Build.0 = Release|Any CPU
		{2795CAC4-B5FC-4A2A-84E9-362F8394E649}.Debug|Any CPU.ActiveCfg = Debug|Any CPU
		{2795CAC4-B5FC-4A2A-84E9-362F8394E649}.Debug|Any CPU.Build.0 = Debug|Any CPU
		{2795CAC4-B5FC-4A2A-84E9-362F8394E649}.Release|Any CPU.ActiveCfg = Release|Any CPU
		{2795CAC4-B5FC-4A2A-84E9-362F8394E649}.Release|Any CPU.Build.0 = Release|Any CPU
		{E14AB63A-EC23-4C34-83C9-1A670DC5504A}.Debug|Any CPU.ActiveCfg = Debug|Any CPU
		{E14AB63A-EC23-4C34-83C9-1A670DC5504A}.Debug|Any CPU.Build.0 = Debug|Any CPU
		{E14AB63A-EC23-4C34-83C9-1A670DC5504A}.Release|Any CPU.ActiveCfg = Release|Any CPU
		{E14AB63A-EC23-4C34-83C9-1A670DC5504A}.Release|Any CPU.Build.0 = Release|Any CPU
		{A2890F3C-AAA2-44DA-8B93-34EE17CAC81A}.Debug|Any CPU.ActiveCfg = Debug|Any CPU
		{A2890F3C-AAA2-44DA-8B93-34EE17CAC81A}.Debug|Any CPU.Build.0 = Debug|Any CPU
		{A2890F3C-AAA2-44DA-8B93-34EE17CAC81A}.Release|Any CPU.ActiveCfg = Release|Any CPU
		{A2890F3C-AAA2-44DA-8B93-34EE17CAC81A}.Release|Any CPU.Build.0 = Release|Any CPU
		{DC048A78-4441-428C-83F6-B07A15F76BD3}.Debug|Any CPU.ActiveCfg = Debug|Any CPU
		{DC048A78-4441-428C-83F6-B07A15F76BD3}.Debug|Any CPU.Build.0 = Debug|Any CPU
		{DC048A78-4441-428C-83F6-B07A15F76BD3}.Release|Any CPU.ActiveCfg = Release|Any CPU
		{DC048A78-4441-428C-83F6-B07A15F76BD3}.Release|Any CPU.Build.0 = Release|Any CPU
		{69A6244F-6046-4E41-88CD-094C8DC77EFF}.Debug|Any CPU.ActiveCfg = Debug|Any CPU
		{69A6244F-6046-4E41-88CD-094C8DC77EFF}.Debug|Any CPU.Build.0 = Debug|Any CPU
		{69A6244F-6046-4E41-88CD-094C8DC77EFF}.Release|Any CPU.ActiveCfg = Release|Any CPU
		{69A6244F-6046-4E41-88CD-094C8DC77EFF}.Release|Any CPU.Build.0 = Release|Any CPU
		{CAA2093F-076C-4899-A28F-59E7C212D214}.Debug|Any CPU.ActiveCfg = Debug|Any CPU
		{CAA2093F-076C-4899-A28F-59E7C212D214}.Debug|Any CPU.Build.0 = Debug|Any CPU
		{CAA2093F-076C-4899-A28F-59E7C212D214}.Release|Any CPU.ActiveCfg = Release|Any CPU
		{CAA2093F-076C-4899-A28F-59E7C212D214}.Release|Any CPU.Build.0 = Release|Any CPU
		{646442B4-FEBB-43A5-AC2E-88EF3CFEA3C3}.Debug|Any CPU.ActiveCfg = Debug|Any CPU
		{646442B4-FEBB-43A5-AC2E-88EF3CFEA3C3}.Debug|Any CPU.Build.0 = Debug|Any CPU
		{646442B4-FEBB-43A5-AC2E-88EF3CFEA3C3}.Release|Any CPU.ActiveCfg = Release|Any CPU
		{646442B4-FEBB-43A5-AC2E-88EF3CFEA3C3}.Release|Any CPU.Build.0 = Release|Any CPU
		{85BE2D97-175F-42D9-B8EF-7A2F67CC78E4}.Debug|Any CPU.ActiveCfg = Debug|Any CPU
		{85BE2D97-175F-42D9-B8EF-7A2F67CC78E4}.Debug|Any CPU.Build.0 = Debug|Any CPU
		{85BE2D97-175F-42D9-B8EF-7A2F67CC78E4}.Release|Any CPU.ActiveCfg = Release|Any CPU
		{85BE2D97-175F-42D9-B8EF-7A2F67CC78E4}.Release|Any CPU.Build.0 = Release|Any CPU
		{09A9CD2E-E1B2-4519-B286-A0D33023478F}.Debug|Any CPU.ActiveCfg = Debug|Any CPU
		{09A9CD2E-E1B2-4519-B286-A0D33023478F}.Debug|Any CPU.Build.0 = Debug|Any CPU
		{09A9CD2E-E1B2-4519-B286-A0D33023478F}.Release|Any CPU.ActiveCfg = Release|Any CPU
		{09A9CD2E-E1B2-4519-B286-A0D33023478F}.Release|Any CPU.Build.0 = Release|Any CPU
		{87B0D006-2261-4FB5-B21B-14156B69839A}.Debug|Any CPU.ActiveCfg = Debug|Any CPU
		{87B0D006-2261-4FB5-B21B-14156B69839A}.Debug|Any CPU.Build.0 = Debug|Any CPU
		{87B0D006-2261-4FB5-B21B-14156B69839A}.Release|Any CPU.ActiveCfg = Release|Any CPU
		{87B0D006-2261-4FB5-B21B-14156B69839A}.Release|Any CPU.Build.0 = Release|Any CPU
		{F563A9DB-C2EC-4D36-958C-8E3212D5E5AE}.Debug|Any CPU.ActiveCfg = Debug|Any CPU
		{F563A9DB-C2EC-4D36-958C-8E3212D5E5AE}.Debug|Any CPU.Build.0 = Debug|Any CPU
		{F563A9DB-C2EC-4D36-958C-8E3212D5E5AE}.Release|Any CPU.ActiveCfg = Release|Any CPU
		{F563A9DB-C2EC-4D36-958C-8E3212D5E5AE}.Release|Any CPU.Build.0 = Release|Any CPU
		{870F030C-CA47-4B22-B0C3-78839B475E06}.Debug|Any CPU.ActiveCfg = Debug|Any CPU
		{870F030C-CA47-4B22-B0C3-78839B475E06}.Debug|Any CPU.Build.0 = Debug|Any CPU
		{870F030C-CA47-4B22-B0C3-78839B475E06}.Release|Any CPU.ActiveCfg = Release|Any CPU
		{870F030C-CA47-4B22-B0C3-78839B475E06}.Release|Any CPU.Build.0 = Release|Any CPU
		{79BE690E-A7AD-4826-BFF5-7310F308C43E}.Debug|Any CPU.ActiveCfg = Debug|Any CPU
		{79BE690E-A7AD-4826-BFF5-7310F308C43E}.Debug|Any CPU.Build.0 = Debug|Any CPU
		{79BE690E-A7AD-4826-BFF5-7310F308C43E}.Release|Any CPU.ActiveCfg = Release|Any CPU
		{79BE690E-A7AD-4826-BFF5-7310F308C43E}.Release|Any CPU.Build.0 = Release|Any CPU
		{EA6B3EF2-0CC7-45EE-97C2-9B0D9B14F636}.Debug|Any CPU.ActiveCfg = Debug|Any CPU
		{EA6B3EF2-0CC7-45EE-97C2-9B0D9B14F636}.Debug|Any CPU.Build.0 = Debug|Any CPU
		{EA6B3EF2-0CC7-45EE-97C2-9B0D9B14F636}.Release|Any CPU.ActiveCfg = Release|Any CPU
		{EA6B3EF2-0CC7-45EE-97C2-9B0D9B14F636}.Release|Any CPU.Build.0 = Release|Any CPU
		{5D3CEBFE-B1BD-4041-866D-ED93EA30A50D}.Debug|Any CPU.ActiveCfg = Debug|Any CPU
		{5D3CEBFE-B1BD-4041-866D-ED93EA30A50D}.Debug|Any CPU.Build.0 = Debug|Any CPU
		{5D3CEBFE-B1BD-4041-866D-ED93EA30A50D}.Release|Any CPU.ActiveCfg = Release|Any CPU
		{5D3CEBFE-B1BD-4041-866D-ED93EA30A50D}.Release|Any CPU.Build.0 = Release|Any CPU
		{B9927B2F-C333-41B0-BB64-D3C3FE903620}.Debug|Any CPU.ActiveCfg = Debug|Any CPU
		{B9927B2F-C333-41B0-BB64-D3C3FE903620}.Debug|Any CPU.Build.0 = Debug|Any CPU
		{B9927B2F-C333-41B0-BB64-D3C3FE903620}.Release|Any CPU.ActiveCfg = Release|Any CPU
		{B9927B2F-C333-41B0-BB64-D3C3FE903620}.Release|Any CPU.Build.0 = Release|Any CPU
		{E538968E-CC68-47FD-91A1-F6A853137220}.Debug|Any CPU.ActiveCfg = Debug|Any CPU
		{E538968E-CC68-47FD-91A1-F6A853137220}.Debug|Any CPU.Build.0 = Debug|Any CPU
		{E538968E-CC68-47FD-91A1-F6A853137220}.Release|Any CPU.ActiveCfg = Release|Any CPU
		{E538968E-CC68-47FD-91A1-F6A853137220}.Release|Any CPU.Build.0 = Release|Any CPU
		{6035C8FD-492A-44E6-A8DB-AD3FBC6BDD3E}.Debug|Any CPU.ActiveCfg = Debug|Any CPU
		{6035C8FD-492A-44E6-A8DB-AD3FBC6BDD3E}.Debug|Any CPU.Build.0 = Debug|Any CPU
		{6035C8FD-492A-44E6-A8DB-AD3FBC6BDD3E}.Release|Any CPU.ActiveCfg = Release|Any CPU
		{6035C8FD-492A-44E6-A8DB-AD3FBC6BDD3E}.Release|Any CPU.Build.0 = Release|Any CPU
		{0E9CF85F-C910-4B0D-B1BB-135D51C0B4B1}.Debug|Any CPU.ActiveCfg = Debug|Any CPU
		{0E9CF85F-C910-4B0D-B1BB-135D51C0B4B1}.Debug|Any CPU.Build.0 = Debug|Any CPU
		{0E9CF85F-C910-4B0D-B1BB-135D51C0B4B1}.Release|Any CPU.ActiveCfg = Release|Any CPU
		{0E9CF85F-C910-4B0D-B1BB-135D51C0B4B1}.Release|Any CPU.Build.0 = Release|Any CPU
		{E9D1AC1A-7740-459C-8B57-DA55334F4524}.Debug|Any CPU.ActiveCfg = Debug|Any CPU
		{E9D1AC1A-7740-459C-8B57-DA55334F4524}.Debug|Any CPU.Build.0 = Debug|Any CPU
		{E9D1AC1A-7740-459C-8B57-DA55334F4524}.Release|Any CPU.ActiveCfg = Release|Any CPU
		{E9D1AC1A-7740-459C-8B57-DA55334F4524}.Release|Any CPU.Build.0 = Release|Any CPU
		{A082420C-E6CB-4843-B518-4910F622DF90}.Debug|Any CPU.ActiveCfg = Debug|Any CPU
		{A082420C-E6CB-4843-B518-4910F622DF90}.Debug|Any CPU.Build.0 = Debug|Any CPU
		{A082420C-E6CB-4843-B518-4910F622DF90}.Release|Any CPU.ActiveCfg = Release|Any CPU
		{A082420C-E6CB-4843-B518-4910F622DF90}.Release|Any CPU.Build.0 = Release|Any CPU
	EndGlobalSection
	GlobalSection(SolutionProperties) = preSolution
		HideSolutionNode = FALSE
	EndGlobalSection
	GlobalSection(NestedProjects) = preSolution
		{2795CAC4-B5FC-4A2A-84E9-362F8394E649} = {1B1D1F5E-E464-4361-96DD-DEC125D26F76}
		{E14AB63A-EC23-4C34-83C9-1A670DC5504A} = {1B1D1F5E-E464-4361-96DD-DEC125D26F76}
		{A2890F3C-AAA2-44DA-8B93-34EE17CAC81A} = {1B1D1F5E-E464-4361-96DD-DEC125D26F76}
		{DC048A78-4441-428C-83F6-B07A15F76BD3} = {1B1D1F5E-E464-4361-96DD-DEC125D26F76}
		{69A6244F-6046-4E41-88CD-094C8DC77EFF} = {1B1D1F5E-E464-4361-96DD-DEC125D26F76}
		{CAA2093F-076C-4899-A28F-59E7C212D214} = {1B1D1F5E-E464-4361-96DD-DEC125D26F76}
		{646442B4-FEBB-43A5-AC2E-88EF3CFEA3C3} = {1379E7C0-0E03-4074-AB84-35A5ADE64C49}
		{85BE2D97-175F-42D9-B8EF-7A2F67CC78E4} = {1379E7C0-0E03-4074-AB84-35A5ADE64C49}
		{09A9CD2E-E1B2-4519-B286-A0D33023478F} = {1379E7C0-0E03-4074-AB84-35A5ADE64C49}
		{87B0D006-2261-4FB5-B21B-14156B69839A} = {1379E7C0-0E03-4074-AB84-35A5ADE64C49}
		{F563A9DB-C2EC-4D36-958C-8E3212D5E5AE} = {1379E7C0-0E03-4074-AB84-35A5ADE64C49}
		{DFEF41B5-5279-4E96-85B3-34D2DD6E9E0A} = {C9C48DBE-C0F9-4BE9-876F-F4EA50A8EF2C}
		{1379E7C0-0E03-4074-AB84-35A5ADE64C49} = {C9C48DBE-C0F9-4BE9-876F-F4EA50A8EF2C}
		{870F030C-CA47-4B22-B0C3-78839B475E06} = {DFEF41B5-5279-4E96-85B3-34D2DD6E9E0A}
		{79BE690E-A7AD-4826-BFF5-7310F308C43E} = {DFEF41B5-5279-4E96-85B3-34D2DD6E9E0A}
		{EA6B3EF2-0CC7-45EE-97C2-9B0D9B14F636} = {DFEF41B5-5279-4E96-85B3-34D2DD6E9E0A}
		{5D3CEBFE-B1BD-4041-866D-ED93EA30A50D} = {DFEF41B5-5279-4E96-85B3-34D2DD6E9E0A}
		{B9927B2F-C333-41B0-BB64-D3C3FE903620} = {DFEF41B5-5279-4E96-85B3-34D2DD6E9E0A}
		{E538968E-CC68-47FD-91A1-F6A853137220} = {DFEF41B5-5279-4E96-85B3-34D2DD6E9E0A}
		{5D545176-FA28-4885-99FE-C76CC5898F00} = {C9C48DBE-C0F9-4BE9-876F-F4EA50A8EF2C}
		{6035C8FD-492A-44E6-A8DB-AD3FBC6BDD3E} = {5D545176-FA28-4885-99FE-C76CC5898F00}
		{0E9CF85F-C910-4B0D-B1BB-135D51C0B4B1} = {5D545176-FA28-4885-99FE-C76CC5898F00}
		{E9D1AC1A-7740-459C-8B57-DA55334F4524} = {5D545176-FA28-4885-99FE-C76CC5898F00}
		{A082420C-E6CB-4843-B518-4910F622DF90} = {5D545176-FA28-4885-99FE-C76CC5898F00}
	EndGlobalSection
	GlobalSection(ExtensibilityGlobals) = postSolution
		SolutionGuid = {E6881A78-8D34-45F4-9D35-082EE85DDF5C}
	EndGlobalSection
EndGlobal
